
Microsoft Visual Studio Solution File, Format Version 12.00
# Visual Studio Version 17
VisualStudioVersion = 17.5.33516.290
MinimumVisualStudioVersion = 10.0.40219.1
Project("{9A19103F-16F7-4668-BE54-9A1E7A4F7556}") = "OnboardingBot", "OnboardingBot\OnboardingBot.csproj", "{0CB07D5B-8670-4D52-8C41-A725CF896650}"
EndProject
Project("{9A19103F-16F7-4668-BE54-9A1E7A4F7556}") = "Server", "..\Server\Server\Server.csproj", "{7B182EDC-EACB-4197-AFF9-C21938E76C50}"
EndProject
Project("{FAE04EC0-301F-11D3-BF4B-00C04F79EFBC}") = "AdminPanel", "AdminPanel\AdminPanel.csproj", "{C9C589DF-2E03-438B-BD0D-2A657B8812DA}"
EndProject
Global
	GlobalSection(SolutionConfigurationPlatforms) = preSolution
		Debug|Any CPU = Debug|Any CPU
		Release|Any CPU = Release|Any CPU
	EndGlobalSection
	GlobalSection(ProjectConfigurationPlatforms) = postSolution
		{0CB07D5B-8670-4D52-8C41-A725CF896650}.Debug|Any CPU.ActiveCfg = Debug|Any CPU
		{0CB07D5B-8670-4D52-8C41-A725CF896650}.Debug|Any CPU.Build.0 = Debug|Any CPU
		{0CB07D5B-8670-4D52-8C41-A725CF896650}.Release|Any CPU.ActiveCfg = Release|Any CPU
		{0CB07D5B-8670-4D52-8C41-A725CF896650}.Release|Any CPU.Build.0 = Release|Any CPU
		{7B182EDC-EACB-4197-AFF9-C21938E76C50}.Debug|Any CPU.ActiveCfg = Debug|Any CPU
		{7B182EDC-EACB-4197-AFF9-C21938E76C50}.Debug|Any CPU.Build.0 = Debug|Any CPU
		{7B182EDC-EACB-4197-AFF9-C21938E76C50}.Release|Any CPU.ActiveCfg = Release|Any CPU
		{7B182EDC-EACB-4197-AFF9-C21938E76C50}.Release|Any CPU.Build.0 = Release|Any CPU
		{C9C589DF-2E03-438B-BD0D-2A657B8812DA}.Debug|Any CPU.ActiveCfg = Debug|Any CPU
		{C9C589DF-2E03-438B-BD0D-2A657B8812DA}.Debug|Any CPU.Build.0 = Debug|Any CPU
		{C9C589DF-2E03-438B-BD0D-2A657B8812DA}.Release|Any CPU.ActiveCfg = Release|Any CPU
		{C9C589DF-2E03-438B-BD0D-2A657B8812DA}.Release|Any CPU.Build.0 = Release|Any CPU
	EndGlobalSection
	GlobalSection(SolutionProperties) = preSolution
		HideSolutionNode = FALSE
	EndGlobalSection
	GlobalSection(ExtensibilityGlobals) = postSolution
		SolutionGuid = {0B7BA7E8-DC3B-471B-A93B-27CA7B1ACBAF}
	EndGlobalSection
EndGlobal
